
Microsoft Visual Studio Solution File, Format Version 12.00
# Visual Studio Version 16
VisualStudioVersion = 16.0.31112.23
MinimumVisualStudioVersion = 10.0.40219.1
Project("{8BC9CEB8-8B4A-11D0-8D11-00A0C91BC942}") = "MMIProject", "MMIProject\MMIProject.vcxproj", "{B05C363B-5A88-48B1-8307-E13A146FE399}"
EndProject
Global
	GlobalSection(SolutionConfigurationPlatforms) = preSolution
		Debug|x64 = Debug|x64
		Release|x64 = Release|x64
	EndGlobalSection
	GlobalSection(ProjectConfigurationPlatforms) = postSolution
		{B05C363B-5A88-48B1-8307-E13A146FE399}.Debug|x64.ActiveCfg = Debug|x64
		{B05C363B-5A88-48B1-8307-E13A146FE399}.Debug|x64.Build.0 = Debug|x64
		{B05C363B-5A88-48B1-8307-E13A146FE399}.Release|x64.ActiveCfg = Release|x64
		{B05C363B-5A88-48B1-8307-E13A146FE399}.Release|x64.Build.0 = Release|x64
	EndGlobalSection
	GlobalSection(SolutionProperties) = preSolution
		HideSolutionNode = FALSE
	EndGlobalSection
	GlobalSection(ExtensibilityGlobals) = postSolution
		SolutionGuid = {A233340F-8F31-48B7-82C8-2F11584C5B22}
	EndGlobalSection
EndGlobal
